// !$*UTF8*$!
{
	archiveVersion = 1;
	classes = {
	};
	objectVersion = 48;
	objects = {

/* Begin PBXBuildFile section */
		CD35FD691FABA2FB00660A36 /* AppDelegate.swift in Sources */ = {isa = PBXBuildFile; fileRef = CD35FD681FABA2FB00660A36 /* AppDelegate.swift */; };
		CD35FD6B1FABA2FB00660A36 /* ViewController.swift in Sources */ = {isa = PBXBuildFile; fileRef = CD35FD6A1FABA2FB00660A36 /* ViewController.swift */; };
		CD35FD6E1FABA2FB00660A36 /* Main.storyboard in Resources */ = {isa = PBXBuildFile; fileRef = CD35FD6C1FABA2FB00660A36 /* Main.storyboard */; };
		CD35FD701FABA2FB00660A36 /* Assets.xcassets in Resources */ = {isa = PBXBuildFile; fileRef = CD35FD6F1FABA2FB00660A36 /* Assets.xcassets */; };
		CD35FD731FABA2FB00660A36 /* LaunchScreen.storyboard in Resources */ = {isa = PBXBuildFile; fileRef = CD35FD711FABA2FB00660A36 /* LaunchScreen.storyboard */; };
		CD35FD7E1FABA2FB00660A36 /* TestTests.swift in Sources */ = {isa = PBXBuildFile; fileRef = CD35FD7D1FABA2FB00660A36 /* TestTests.swift */; };
		CD35FD891FABA2FB00660A36 /* TestUITests.swift in Sources */ = {isa = PBXBuildFile; fileRef = CD35FD881FABA2FB00660A36 /* TestUITests.swift */; };
/* End PBXBuildFile section */

/* Begin PBXContainerItemProxy section */
		CD35FD7A1FABA2FB00660A36 /* PBXContainerItemProxy */ = {
			isa = PBXContainerItemProxy;
			containerPortal = CD35FD5D1FABA2FB00660A36 /* Project object */;
			proxyType = 1;
			remoteGlobalIDString = CD35FD641FABA2FB00660A36;
			remoteInfo = Test;
		};
		CD35FD851FABA2FB00660A36 /* PBXContainerItemProxy */ = {
			isa = PBXContainerItemProxy;
			containerPortal = CD35FD5D1FABA2FB00660A36 /* Project object */;
			proxyType = 1;
			remoteGlobalIDString = CD35FD641FABA2FB00660A36;
			remoteInfo = Test;
		};
/* End PBXContainerItemProxy section */

/* Begin PBXFileReference section */
		CD35FD651FABA2FB00660A36 /* Test.app */ = {isa = PBXFileReference; explicitFileType = wrapper.application; includeInIndex = 0; path = Test.app; sourceTree = BUILT_PRODUCTS_DIR; };
		CD35FD681FABA2FB00660A36 /* AppDelegate.swift */ = {isa = PBXFileReference; lastKnownFileType = sourcecode.swift; path = AppDelegate.swift; sourceTree = "<group>"; };
		CD35FD6A1FABA2FB00660A36 /* ViewController.swift */ = {isa = PBXFileReference; lastKnownFileType = sourcecode.swift; path = ViewController.swift; sourceTree = "<group>"; };
		CD35FD6D1FABA2FB00660A36 /* Base */ = {isa = PBXFileReference; lastKnownFileType = file.storyboard; name = Base; path = Base.lproj/Main.storyboard; sourceTree = "<group>"; };
		CD35FD6F1FABA2FB00660A36 /* Assets.xcassets */ = {isa = PBXFileReference; lastKnownFileType = folder.assetcatalog; path = Assets.xcassets; sourceTree = "<group>"; };
		CD35FD721FABA2FB00660A36 /* Base */ = {isa = PBXFileReference; lastKnownFileType = file.storyboard; name = Base; path = Base.lproj/LaunchScreen.storyboard; sourceTree = "<group>"; };
		CD35FD741FABA2FB00660A36 /* Info.plist */ = {isa = PBXFileReference; lastKnownFileType = text.plist.xml; path = Info.plist; sourceTree = "<group>"; };
		CD35FD791FABA2FB00660A36 /* TestTests.xctest */ = {isa = PBXFileReference; explicitFileType = wrapper.cfbundle; includeInIndex = 0; path = TestTests.xctest; sourceTree = BUILT_PRODUCTS_DIR; };
		CD35FD7D1FABA2FB00660A36 /* TestTests.swift */ = {isa = PBXFileReference; lastKnownFileType = sourcecode.swift; path = TestTests.swift; sourceTree = "<group>"; };
		CD35FD7F1FABA2FB00660A36 /* Info.plist */ = {isa = PBXFileReference; lastKnownFileType = text.plist.xml; path = Info.plist; sourceTree = "<group>"; };
		CD35FD841FABA2FB00660A36 /* TestUITests.xctest */ = {isa = PBXFileReference; explicitFileType = wrapper.cfbundle; includeInIndex = 0; path = TestUITests.xctest; sourceTree = BUILT_PRODUCTS_DIR; };
		CD35FD881FABA2FB00660A36 /* TestUITests.swift */ = {isa = PBXFileReference; lastKnownFileType = sourcecode.swift; path = TestUITests.swift; sourceTree = "<group>"; };
		CD35FD8A1FABA2FB00660A36 /* Info.plist */ = {isa = PBXFileReference; lastKnownFileType = text.plist.xml; path = Info.plist; sourceTree = "<group>"; };
/* End PBXFileReference section */

/* Begin PBXFrameworksBuildPhase section */
		CD35FD621FABA2FB00660A36 /* Frameworks */ = {
			isa = PBXFrameworksBuildPhase;
			buildActionMask = 2147483647;
			files = (
			);
			runOnlyForDeploymentPostprocessing = 0;
		};
		CD35FD761FABA2FB00660A36 /* Frameworks */ = {
			isa = PBXFrameworksBuildPhase;
			buildActionMask = 2147483647;
			files = (
			);
			runOnlyForDeploymentPostprocessing = 0;
		};
		CD35FD811FABA2FB00660A36 /* Frameworks */ = {
			isa = PBXFrameworksBuildPhase;
			buildActionMask = 2147483647;
			files = (
			);
			runOnlyForDeploymentPostprocessing = 0;
		};
/* End PBXFrameworksBuildPhase section */

/* Begin PBXGroup section */
		CD35FD5C1FABA2FB00660A36 = {
			isa = PBXGroup;
			children = (
				CD35FD671FABA2FB00660A36 /* Test */,
				CD35FD7C1FABA2FB00660A36 /* TestTests */,
				CD35FD871FABA2FB00660A36 /* TestUITests */,
				CD35FD661FABA2FB00660A36 /* Products */,
			);
			sourceTree = "<group>";
		};
		CD35FD661FABA2FB00660A36 /* Products */ = {
			isa = PBXGroup;
			children = (
				CD35FD651FABA2FB00660A36 /* Test.app */,
				CD35FD791FABA2FB00660A36 /* TestTests.xctest */,
				CD35FD841FABA2FB00660A36 /* TestUITests.xctest */,
			);
			name = Products;
			sourceTree = "<group>";
		};
		CD35FD671FABA2FB00660A36 /* Test */ = {
			isa = PBXGroup;
			children = (
				CD35FD681FABA2FB00660A36 /* AppDelegate.swift */,
				CD35FD6A1FABA2FB00660A36 /* ViewController.swift */,
				CD35FD6C1FABA2FB00660A36 /* Main.storyboard */,
				CD35FD6F1FABA2FB00660A36 /* Assets.xcassets */,
				CD35FD711FABA2FB00660A36 /* LaunchScreen.storyboard */,
				CD35FD741FABA2FB00660A36 /* Info.plist */,
			);
			path = Test;
			sourceTree = "<group>";
		};
		CD35FD7C1FABA2FB00660A36 /* TestTests */ = {
			isa = PBXGroup;
			children = (
				CD35FD7D1FABA2FB00660A36 /* TestTests.swift */,
				CD35FD7F1FABA2FB00660A36 /* Info.plist */,
			);
			path = TestTests;
			sourceTree = "<group>";
		};
		CD35FD871FABA2FB00660A36 /* TestUITests */ = {
			isa = PBXGroup;
			children = (
				CD35FD881FABA2FB00660A36 /* TestUITests.swift */,
				CD35FD8A1FABA2FB00660A36 /* Info.plist */,
			);
			path = TestUITests;
			sourceTree = "<group>";
		};
/* End PBXGroup section */

/* Begin PBXNativeTarget section */
		CD35FD641FABA2FB00660A36 /* Test */ = {
			isa = PBXNativeTarget;
			buildConfigurationList = CD35FD8D1FABA2FB00660A36 /* Build configuration list for PBXNativeTarget "Test" */;
			buildPhases = (
				CD35FD611FABA2FB00660A36 /* Sources */,
				CD35FD621FABA2FB00660A36 /* Frameworks */,
				CD35FD631FABA2FB00660A36 /* Resources */,
			);
			buildRules = (
			);
			dependencies = (
			);
			name = Test;
			productName = Test;
			productReference = CD35FD651FABA2FB00660A36 /* Test.app */;
			productType = "com.apple.product-type.application";
		};
		CD35FD781FABA2FB00660A36 /* TestTests */ = {
			isa = PBXNativeTarget;
			buildConfigurationList = CD35FD901FABA2FB00660A36 /* Build configuration list for PBXNativeTarget "TestTests" */;
			buildPhases = (
				CD35FD751FABA2FB00660A36 /* Sources */,
				CD35FD761FABA2FB00660A36 /* Frameworks */,
				CD35FD771FABA2FB00660A36 /* Resources */,
			);
			buildRules = (
			);
			dependencies = (
				CD35FD7B1FABA2FB00660A36 /* PBXTargetDependency */,
			);
			name = TestTests;
			productName = TestTests;
			productReference = CD35FD791FABA2FB00660A36 /* TestTests.xctest */;
			productType = "com.apple.product-type.bundle.unit-test";
		};
		CD35FD831FABA2FB00660A36 /* TestUITests */ = {
			isa = PBXNativeTarget;
			buildConfigurationList = CD35FD931FABA2FB00660A36 /* Build configuration list for PBXNativeTarget "TestUITests" */;
			buildPhases = (
				CD35FD801FABA2FB00660A36 /* Sources */,
				CD35FD811FABA2FB00660A36 /* Frameworks */,
				CD35FD821FABA2FB00660A36 /* Resources */,
			);
			buildRules = (
			);
			dependencies = (
				CD35FD861FABA2FB00660A36 /* PBXTargetDependency */,
			);
			name = TestUITests;
			productName = TestUITests;
			productReference = CD35FD841FABA2FB00660A36 /* TestUITests.xctest */;
			productType = "com.apple.product-type.bundle.ui-testing";
		};
/* End PBXNativeTarget section */

/* Begin PBXProject section */
		CD35FD5D1FABA2FB00660A36 /* Project object */ = {
			isa = PBXProject;
			attributes = {
				LastSwiftUpdateCheck = 0910;
				LastUpgradeCheck = 0910;
				ORGANIZATIONNAME = OuSS;
				TargetAttributes = {
					CD35FD641FABA2FB00660A36 = {
						CreatedOnToolsVersion = 9.1;
						ProvisioningStyle = Automatic;
					};
					CD35FD781FABA2FB00660A36 = {
						CreatedOnToolsVersion = 9.1;
						ProvisioningStyle = Automatic;
						TestTargetID = CD35FD641FABA2FB00660A36;
					};
					CD35FD831FABA2FB00660A36 = {
						CreatedOnToolsVersion = 9.1;
						ProvisioningStyle = Automatic;
						TestTargetID = CD35FD641FABA2FB00660A36;
					};
				};
			};
			buildConfigurationList = CD35FD601FABA2FB00660A36 /* Build configuration list for PBXProject "Test" */;
			compatibilityVersion = "Xcode 8.0";
			developmentRegion = en;
			hasScannedForEncodings = 0;
			knownRegions = (
				en,
				Base,
			);
			mainGroup = CD35FD5C1FABA2FB00660A36;
			productRefGroup = CD35FD661FABA2FB00660A36 /* Products */;
			projectDirPath = "";
			projectRoot = "";
			targets = (
				CD35FD641FABA2FB00660A36 /* Test */,
				CD35FD781FABA2FB00660A36 /* TestTests */,
				CD35FD831FABA2FB00660A36 /* TestUITests */,
			);
		};
/* End PBXProject section */

/* Begin PBXResourcesBuildPhase section */
		CD35FD631FABA2FB00660A36 /* Resources */ = {
			isa = PBXResourcesBuildPhase;
			buildActionMask = 2147483647;
			files = (
				CD35FD731FABA2FB00660A36 /* LaunchScreen.storyboard in Resources */,
				CD35FD701FABA2FB00660A36 /* Assets.xcassets in Resources */,
				CD35FD6E1FABA2FB00660A36 /* Main.storyboard in Resources */,
			);
			runOnlyForDeploymentPostprocessing = 0;
		};
		CD35FD771FABA2FB00660A36 /* Resources */ = {
			isa = PBXResourcesBuildPhase;
			buildActionMask = 2147483647;
			files = (
			);
			runOnlyForDeploymentPostprocessing = 0;
		};
		CD35FD821FABA2FB00660A36 /* Resources */ = {
			isa = PBXResourcesBuildPhase;
			buildActionMask = 2147483647;
			files = (
			);
			runOnlyForDeploymentPostprocessing = 0;
		};
/* End PBXResourcesBuildPhase section */

/* Begin PBXSourcesBuildPhase section */
		CD35FD611FABA2FB00660A36 /* Sources */ = {
			isa = PBXSourcesBuildPhase;
			buildActionMask = 2147483647;
			files = (
				CD35FD6B1FABA2FB00660A36 /* ViewController.swift in Sources */,
				CD35FD691FABA2FB00660A36 /* AppDelegate.swift in Sources */,
			);
			runOnlyForDeploymentPostprocessing = 0;
		};
		CD35FD751FABA2FB00660A36 /* Sources */ = {
			isa = PBXSourcesBuildPhase;
			buildActionMask = 2147483647;
			files = (
				CD35FD7E1FABA2FB00660A36 /* TestTests.swift in Sources */,
			);
			runOnlyForDeploymentPostprocessing = 0;
		};
		CD35FD801FABA2FB00660A36 /* Sources */ = {
			isa = PBXSourcesBuildPhase;
			buildActionMask = 2147483647;
			files = (
				CD35FD891FABA2FB00660A36 /* TestUITests.swift in Sources */,
			);
			runOnlyForDeploymentPostprocessing = 0;
		};
/* End PBXSourcesBuildPhase section */

/* Begin PBXTargetDependency section */
		CD35FD7B1FABA2FB00660A36 /* PBXTargetDependency */ = {
			isa = PBXTargetDependency;
			target = CD35FD641FABA2FB00660A36 /* Test */;
			targetProxy = CD35FD7A1FABA2FB00660A36 /* PBXContainerItemProxy */;
		};
		CD35FD861FABA2FB00660A36 /* PBXTargetDependency */ = {
			isa = PBXTargetDependency;
			target = CD35FD641FABA2FB00660A36 /* Test */;
			targetProxy = CD35FD851FABA2FB00660A36 /* PBXContainerItemProxy */;
		};
/* End PBXTargetDependency section */

/* Begin PBXVariantGroup section */
		CD35FD6C1FABA2FB00660A36 /* Main.storyboard */ = {
			isa = PBXVariantGroup;
			children = (
				CD35FD6D1FABA2FB00660A36 /* Base */,
			);
			name = Main.storyboard;
			sourceTree = "<group>";
		};
		CD35FD711FABA2FB00660A36 /* LaunchScreen.storyboard */ = {
			isa = PBXVariantGroup;
			children = (
				CD35FD721FABA2FB00660A36 /* Base */,
			);
			name = LaunchScreen.storyboard;
			sourceTree = "<group>";
		};
/* End PBXVariantGroup section */

/* Begin XCBuildConfiguration section */
		CD35FD8B1FABA2FB00660A36 /* Debug */ = {
			isa = XCBuildConfiguration;
			buildSettings = {
				ALWAYS_SEARCH_USER_PATHS = NO;
				CLANG_ANALYZER_NONNULL = YES;
				CLANG_ANALYZER_NUMBER_OBJECT_CONVERSION = YES_AGGRESSIVE;
				CLANG_CXX_LANGUAGE_STANDARD = "gnu++14";
				CLANG_CXX_LIBRARY = "libc++";
				CLANG_ENABLE_MODULES = YES;
				CLANG_ENABLE_OBJC_ARC = YES;
				CLANG_WARN_BLOCK_CAPTURE_AUTORELEASING = YES;
				CLANG_WARN_BOOL_CONVERSION = YES;
				CLANG_WARN_COMMA = YES;
				CLANG_WARN_CONSTANT_CONVERSION = YES;
				CLANG_WARN_DIRECT_OBJC_ISA_USAGE = YES_ERROR;
				CLANG_WARN_DOCUMENTATION_COMMENTS = YES;
				CLANG_WARN_EMPTY_BODY = YES;
				CLANG_WARN_ENUM_CONVERSION = YES;
				CLANG_WARN_INFINITE_RECURSION = YES;
				CLANG_WARN_INT_CONVERSION = YES;
				CLANG_WARN_NON_LITERAL_NULL_CONVERSION = YES;
				CLANG_WARN_OBJC_LITERAL_CONVERSION = YES;
				CLANG_WARN_OBJC_ROOT_CLASS = YES_ERROR;
				CLANG_WARN_RANGE_LOOP_ANALYSIS = YES;
				CLANG_WARN_STRICT_PROTOTYPES = YES;
				CLANG_WARN_SUSPICIOUS_MOVE = YES;
				CLANG_WARN_UNGUARDED_AVAILABILITY = YES_AGGRESSIVE;
				CLANG_WARN_UNREACHABLE_CODE = YES;
				CLANG_WARN__DUPLICATE_METHOD_MATCH = YES;
				CODE_SIGN_IDENTITY = "iPhone Developer";
				COPY_PHASE_STRIP = NO;
				DEBUG_INFORMATION_FORMAT = dwarf;
				ENABLE_STRICT_OBJC_MSGSEND = YES;
				ENABLE_TESTABILITY = YES;
				GCC_C_LANGUAGE_STANDARD = gnu11;
				GCC_DYNAMIC_NO_PIC = NO;
				GCC_NO_COMMON_BLOCKS = YES;
				GCC_OPTIMIZATION_LEVEL = 0;
				GCC_PREPROCESSOR_DEFINITIONS = (
					"DEBUG=1",
					"$(inherited)",
				);
				GCC_WARN_64_TO_32_BIT_CONVERSION = YES;
				GCC_WARN_ABOUT_RETURN_TYPE = YES_ERROR;
				GCC_WARN_UNDECLARED_SELECTOR = YES;
				GCC_WARN_UNINITIALIZED_AUTOS = YES_AGGRESSIVE;
				GCC_WARN_UNUSED_FUNCTION = YES;
				GCC_WARN_UNUSED_VARIABLE = YES;
				IPHONEOS_DEPLOYMENT_TARGET = 11.1;
				MTL_ENABLE_DEBUG_INFO = YES;
				ONLY_ACTIVE_ARCH = YES;
				SDKROOT = iphoneos;
				SWIFT_ACTIVE_COMPILATION_CONDITIONS = DEBUG;
				SWIFT_OPTIMIZATION_LEVEL = "-Onone";
			};
			name = Debug;
		};
		CD35FD8C1FABA2FB00660A36 /* Release */ = {
			isa = XCBuildConfiguration;
			buildSettings = {
				ALWAYS_SEARCH_USER_PATHS = NO;
				CLANG_ANALYZER_NONNULL = YES;
				CLANG_ANALYZER_NUMBER_OBJECT_CONVERSION = YES_AGGRESSIVE;
				CLANG_CXX_LANGUAGE_STANDARD = "gnu++14";
				CLANG_CXX_LIBRARY = "libc++";
				CLANG_ENABLE_MODULES = YES;
				CLANG_ENABLE_OBJC_ARC = YES;
				CLANG_WARN_BLOCK_CAPTURE_AUTORELEASING = YES;
				CLANG_WARN_BOOL_CONVERSION = YES;
				CLANG_WARN_COMMA = YES;
				CLANG_WARN_CONSTANT_CONVERSION = YES;
				CLANG_WARN_DIRECT_OBJC_ISA_USAGE = YES_ERROR;
				CLANG_WARN_DOCUMENTATION_COMMENTS = YES;
				CLANG_WARN_EMPTY_BODY = YES;
				CLANG_WARN_ENUM_CONVERSION = YES;
				CLANG_WARN_INFINITE_RECURSION = YES;
				CLANG_WARN_INT_CONVERSION = YES;
				CLANG_WARN_NON_LITERAL_NULL_CONVERSION = YES;
				CLANG_WARN_OBJC_LITERAL_CONVERSION = YES;
				CLANG_WARN_OBJC_ROOT_CLASS = YES_ERROR;
				CLANG_WARN_RANGE_LOOP_ANALYSIS = YES;
				CLANG_WARN_STRICT_PROTOTYPES = YES;
				CLANG_WARN_SUSPICIOUS_MOVE = YES;
				CLANG_WARN_UNGUARDED_AVAILABILITY = YES_AGGRESSIVE;
				CLANG_WARN_UNREACHABLE_CODE = YES;
				CLANG_WARN__DUPLICATE_METHOD_MATCH = YES;
				CODE_SIGN_IDENTITY = "iPhone Developer";
				COPY_PHASE_STRIP = NO;
				DEBUG_INFORMATION_FORMAT = "dwarf-with-dsym";
				ENABLE_NS_ASSERTIONS = NO;
				ENABLE_STRICT_OBJC_MSGSEND = YES;
				GCC_C_LANGUAGE_STANDARD = gnu11;
				GCC_NO_COMMON_BLOCKS = YES;
				GCC_WARN_64_TO_32_BIT_CONVERSION = YES;
				GCC_WARN_ABOUT_RETURN_TYPE = YES_ERROR;
				GCC_WARN_UNDECLARED_SELECTOR = YES;
				GCC_WARN_UNINITIALIZED_AUTOS = YES_AGGRESSIVE;
				GCC_WARN_UNUSED_FUNCTION = YES;
				GCC_WARN_UNUSED_VARIABLE = YES;
				IPHONEOS_DEPLOYMENT_TARGET = 11.1;
				MTL_ENABLE_DEBUG_INFO = NO;
				SDKROOT = iphoneos;
				SWIFT_OPTIMIZATION_LEVEL = "-Owholemodule";
				VALIDATE_PRODUCT = YES;
			};
			name = Release;
		};
		CD35FD8E1FABA2FB00660A36 /* Debug */ = {
			isa = XCBuildConfiguration;
			buildSettings = {
				ASSETCATALOG_COMPILER_APPICON_NAME = AppIcon;
				CODE_SIGN_STYLE = Automatic;
				INFOPLIST_FILE = Test/Info.plist;
				LD_RUNPATH_SEARCH_PATHS = "$(inherited) @executable_path/Frameworks";
				PRODUCT_BUNDLE_IDENTIFIER = oo.Test;
				PRODUCT_NAME = "$(TARGET_NAME)";
				SWIFT_VERSION = 4.0;
				TARGETED_DEVICE_FAMILY = "1,2";
			};
			name = Debug;
		};
		CD35FD8F1FABA2FB00660A36 /* Release */ = {
			isa = XCBuildConfiguration;
			buildSettings = {
				ASSETCATALOG_COMPILER_APPICON_NAME = AppIcon;
				CODE_SIGN_STYLE = Automatic;
				INFOPLIST_FILE = Test/Info.plist;
				LD_RUNPATH_SEARCH_PATHS = "$(inherited) @executable_path/Frameworks";
				PRODUCT_BUNDLE_IDENTIFIER = oo.Test;
				PRODUCT_NAME = "$(TARGET_NAME)";
				SWIFT_VERSION = 4.0;
				TARGETED_DEVICE_FAMILY = "1,2";
			};
			name = Release;
		};
		CD35FD911FABA2FB00660A36 /* Debug */ = {
			isa = XCBuildConfiguration;
			buildSettings = {
				ALWAYS_EMBED_SWIFT_STANDARD_LIBRARIES = YES;
				BUNDLE_LOADER = "$(TEST_HOST)";
				CODE_SIGN_STYLE = Automatic;
				INFOPLIST_FILE = TestTests/Info.plist;
				LD_RUNPATH_SEARCH_PATHS = "$(inherited) @executable_path/Frameworks @loader_path/Frameworks";
				PRODUCT_BUNDLE_IDENTIFIER = oo.TestTests;
				PRODUCT_NAME = "$(TARGET_NAME)";
				SWIFT_VERSION = 4.0;
				TARGETED_DEVICE_FAMILY = "1,2";
				TEST_HOST = "$(BUILT_PRODUCTS_DIR)/Test.app/Test";
			};
			name = Debug;
		};
		CD35FD921FABA2FB00660A36 /* Release */ = {
			isa = XCBuildConfiguration;
			buildSettings = {
				ALWAYS_EMBED_SWIFT_STANDARD_LIBRARIES = YES;
				BUNDLE_LOADER = "$(TEST_HOST)";
				CODE_SIGN_STYLE = Automatic;
				INFOPLIST_FILE = TestTests/Info.plist;
				LD_RUNPATH_SEARCH_PATHS = "$(inherited) @executable_path/Frameworks @loader_path/Frameworks";
				PRODUCT_BUNDLE_IDENTIFIER = oo.TestTests;
				PRODUCT_NAME = "$(TARGET_NAME)";
				SWIFT_VERSION = 4.0;
				TARGETED_DEVICE_FAMILY = "1,2";
				TEST_HOST = "$(BUILT_PRODUCTS_DIR)/Test.app/Test";
			};
			name = Release;
		};
		CD35FD941FABA2FB00660A36 /* Debug */ = {
			isa = XCBuildConfiguration;
			buildSettings = {
				ALWAYS_EMBED_SWIFT_STANDARD_LIBRARIES = YES;
				CODE_SIGN_STYLE = Automatic;
				INFOPLIST_FILE = TestUITests/Info.plist;
				LD_RUNPATH_SEARCH_PATHS = "$(inherited) @executable_path/Frameworks @loader_path/Frameworks";
				PRODUCT_BUNDLE_IDENTIFIER = oo.TestUITests;
				PRODUCT_NAME = "$(TARGET_NAME)";
				SWIFT_VERSION = 4.0;
				TARGETED_DEVICE_FAMILY = "1,2";
				TEST_TARGET_NAME = Test;
			};
			name = Debug;
		};
		CD35FD951FABA2FB00660A36 /* Release */ = {
			isa = XCBuildConfiguration;
			buildSettings = {
				ALWAYS_EMBED_SWIFT_STANDARD_LIBRARIES = YES;
				CODE_SIGN_STYLE = Automatic;
				INFOPLIST_FILE = TestUITests/Info.plist;
				LD_RUNPATH_SEARCH_PATHS = "$(inherited) @executable_path/Frameworks @loader_path/Frameworks";
				PRODUCT_BUNDLE_IDENTIFIER = oo.TestUITests;
				PRODUCT_NAME = "$(TARGET_NAME)";
				SWIFT_VERSION = 4.0;
				TARGETED_DEVICE_FAMILY = "1,2";
				TEST_TARGET_NAME = Test;
			};
			name = Release;
		};
/* End XCBuildConfiguration section */

/* Begin XCConfigurationList section */
		CD35FD601FABA2FB00660A36 /* Build configuration list for PBXProject "Test" */ = {
			isa = XCConfigurationList;
			buildConfigurations = (
				CD35FD8B1FABA2FB00660A36 /* Debug */,
				CD35FD8C1FABA2FB00660A36 /* Release */,
			);
			defaultConfigurationIsVisible = 0;
			defaultConfigurationName = Release;
		};
		CD35FD8D1FABA2FB00660A36 /* Build configuration list for PBXNativeTarget "Test" */ = {
			isa = XCConfigurationList;
			buildConfigurations = (
				CD35FD8E1FABA2FB00660A36 /* Debug */,
				CD35FD8F1FABA2FB00660A36 /* Release */,
			);
			defaultConfigurationIsVisible = 0;
			defaultConfigurationName = Release;
		};
		CD35FD901FABA2FB00660A36 /* Build configuration list for PBXNativeTarget "TestTests" */ = {
			isa = XCConfigurationList;
			buildConfigurations = (
				CD35FD911FABA2FB00660A36 /* Debug */,
				CD35FD921FABA2FB00660A36 /* Release */,
			);
			defaultConfigurationIsVisible = 0;
			defaultConfigurationName = Release;
		};
		CD35FD931FABA2FB00660A36 /* Build configuration list for PBXNativeTarget "TestUITests" */ = {
			isa = XCConfigurationList;
			buildConfigurations = (
				CD35FD941FABA2FB00660A36 /* Debug */,
				CD35FD951FABA2FB00660A36 /* Release */,
			);
			defaultConfigurationIsVisible = 0;
			defaultConfigurationName = Release;
		};
/* End XCConfigurationList section */
	};
	rootObject = CD35FD5D1FABA2FB00660A36 /* Project object */;
}
